
Microsoft Visual Studio Solution File, Format Version 12.00
# Visual Studio 15
VisualStudioVersion = 15.0.28307.572
MinimumVisualStudioVersion = 10.0.40219.1
Project("{FAE04EC0-301F-11D3-BF4B-00C04F79EFBC}") = "InvoiceTotal", "WindowsFormsApp1\InvoiceTotal.csproj", "{35FA7835-1AA2-4D3F-AFA4-C6DEF8E1FA65}"
EndProject
Global
	GlobalSection(SolutionConfigurationPlatforms) = preSolution
		Debug|Any CPU = Debug|Any CPU
		Release|Any CPU = Release|Any CPU
	EndGlobalSection
	GlobalSection(ProjectConfigurationPlatforms) = postSolution
		{35FA7835-1AA2-4D3F-AFA4-C6DEF8E1FA65}.Debug|Any CPU.ActiveCfg = Debug|Any CPU
		{35FA7835-1AA2-4D3F-AFA4-C6DEF8E1FA65}.Debug|Any CPU.Build.0 = Debug|Any CPU
		{35FA7835-1AA2-4D3F-AFA4-C6DEF8E1FA65}.Release|Any CPU.ActiveCfg = Release|Any CPU
		{35FA7835-1AA2-4D3F-AFA4-C6DEF8E1FA65}.Release|Any CPU.Build.0 = Release|Any CPU
	EndGlobalSection
	GlobalSection(SolutionProperties) = preSolution
		HideSolutionNode = FALSE
	EndGlobalSection
	GlobalSection(ExtensibilityGlobals) = postSolution
		SolutionGuid = {3B9A61B8-09D3-4B38-BBF7-3CD16BC7B405}
	EndGlobalSection
EndGlobal
